
Microsoft Visual Studio Solution File, Format Version 12.00
# Visual Studio Version 16
VisualStudioVersion = 16.0.30621.155
MinimumVisualStudioVersion = 10.0.40219.1
Project("{FAE04EC0-301F-11D3-BF4B-00C04F79EFBC}") = "HackerRankTesting", "HackerRankTesting\HackerRankTesting.csproj", "{C757FC9B-B547-4378-82FA-5CB253D41C0E}"
EndProject
Global
	GlobalSection(SolutionConfigurationPlatforms) = preSolution
		Debug|Any CPU = Debug|Any CPU
		Release|Any CPU = Release|Any CPU
	EndGlobalSection
	GlobalSection(ProjectConfigurationPlatforms) = postSolution
		{C757FC9B-B547-4378-82FA-5CB253D41C0E}.Debug|Any CPU.ActiveCfg = Debug|Any CPU
		{C757FC9B-B547-4378-82FA-5CB253D41C0E}.Debug|Any CPU.Build.0 = Debug|Any CPU
		{C757FC9B-B547-4378-82FA-5CB253D41C0E}.Release|Any CPU.ActiveCfg = Release|Any CPU
		{C757FC9B-B547-4378-82FA-5CB253D41C0E}.Release|Any CPU.Build.0 = Release|Any CPU
	EndGlobalSection
	GlobalSection(SolutionProperties) = preSolution
		HideSolutionNode = FALSE
	EndGlobalSection
	GlobalSection(ExtensibilityGlobals) = postSolution
		SolutionGuid = {6B4ABAA9-8517-41C4-B9F7-B1227363C9E5}
	EndGlobalSection
EndGlobal
